{
  "object": {
    "pins": [
      {
        "package": "AsyncTimeSequences",
        "repositoryURL": "https://github.com/Henryforce/AsyncTimeSequences",
        "state": {
          "branch": null,
          "revision": "14309de5890521b339c2a8b316f1090c07801e2a",
          "version": "0.0.9"
        }
      }
    ]
  },
  "version": 1
}
